{
  "name": "@archivistnerd/bargs",
  "version": "0.1.1",
  "lockfileVersion": 1,
  "requires": true,
  "dependencies": {
    "@archivistnerd/args": {
      "version": "0.1.1",
      "resolved": "https://registry.npmjs.org/@archivistnerd/args/-/args-0.1.1.tgz",
      "integrity": "sha512-6RAfnXXf4Z2Yjdsyc+7ptvHdllG250MuI3adJVwSSWd0ekMPa3fyEx23M7CSUeZMljFIcniKUmQ98M1KYe3QIg=="
    },
    "@archivistnerd/testlib": {
      "version": "0.1.1",
      "resolved": "https://registry.npmjs.org/@archivistnerd/testlib/-/testlib-0.1.1.tgz",
      "integrity": "sha512-qVPhTfqJKyyqSi+0r3RxiuamCYAOyrJMNaFECi4hoTaHVv75LwNZzjQyNiN0Os4G8A7hSJSLLDrhOJNeeLtvzA==",
      "dev": true
    }
  }
}
