{
  "name": "@archivistnerd/bargs",
  "version": "0.1.4",
  "lockfileVersion": 1,
  "requires": true,
  "dependencies": {
    "@archivistnerd/args": {
      "version": "0.1.2",
      "resolved": "https://registry.npmjs.org/@archivistnerd/args/-/args-0.1.2.tgz",
      "integrity": "sha512-civKUjhcmoOIdqBHmIHfr4gfki5cdrYb1puqApRdXNJHEHO7dtB4UNKyo0SKLTopa88knlye6G8FxgjdpX5+Xw=="
    },
    "@archivistnerd/testlib": {
      "version": "0.1.1",
      "resolved": "https://registry.npmjs.org/@archivistnerd/testlib/-/testlib-0.1.1.tgz",
      "integrity": "sha512-qVPhTfqJKyyqSi+0r3RxiuamCYAOyrJMNaFECi4hoTaHVv75LwNZzjQyNiN0Os4G8A7hSJSLLDrhOJNeeLtvzA==",
      "dev": true
    }
  }
}
